<Solution>
  <Folder Name="/src/">
    <Project Path="src/UnityBridgeDesk.Core/UnityBridgeDesk.Core.csproj" />
    <Project Path="src/UnityBridgeDesk.Infrastructure/UnityBridgeDesk.Infrastructure.csproj" />
    <Project Path="src/UnityBridgeDesk.Desktop/UnityBridgeDesk.Desktop.csproj" />
    <Project Path="src/UnityBridgeDesk.Worker/UnityBridgeDesk.Worker.csproj" />
  </Folder>
  <Folder Name="/tests/">
    <Project Path="tests/UnityBridgeDesk.Core.Tests/UnityBridgeDesk.Core.Tests.csproj" />
    <Project Path="tests/UnityBridgeDesk.Infrastructure.Tests/UnityBridgeDesk.Infrastructure.Tests.csproj" />
    <Project Path="tests/UnityBridgeDesk.Desktop.Tests/UnityBridgeDesk.Desktop.Tests.csproj" />
  </Folder>
</Solution>
